
Microsoft Visual Studio Solution File, Format Version 12.00
# Visual Studio Version 17
VisualStudioVersion = 17.8.34525.116
MinimumVisualStudioVersion = 10.0.40219.1
Project("{FAE04EC0-301F-11D3-BF4B-00C04F79EFBC}") = "BlazorPages", "BlazorPages\BlazorPages.csproj", "{42DFC2EA-9780-40A1-A765-9EC343E3BA46}"
EndProject
Project("{FAE04EC0-301F-11D3-BF4B-00C04F79EFBC}") = "BlazorPages.Client", "BlazorPages.Client\BlazorPages.Client.csproj", "{5AA04AC3-9498-43B4-9AFF-71546CF27739}"
EndProject
Global
	GlobalSection(SolutionConfigurationPlatforms) = preSolution
		Debug|Any CPU = Debug|Any CPU
		Release|Any CPU = Release|Any CPU
	EndGlobalSection
	GlobalSection(ProjectConfigurationPlatforms) = postSolution
		{42DFC2EA-9780-40A1-A765-9EC343E3BA46}.Debug|Any CPU.ActiveCfg = Debug|Any CPU
		{42DFC2EA-9780-40A1-A765-9EC343E3BA46}.Debug|Any CPU.Build.0 = Debug|Any CPU
		{42DFC2EA-9780-40A1-A765-9EC343E3BA46}.Release|Any CPU.ActiveCfg = Release|Any CPU
		{42DFC2EA-9780-40A1-A765-9EC343E3BA46}.Release|Any CPU.Build.0 = Release|Any CPU
		{5AA04AC3-9498-43B4-9AFF-71546CF27739}.Debug|Any CPU.ActiveCfg = Debug|Any CPU
		{5AA04AC3-9498-43B4-9AFF-71546CF27739}.Debug|Any CPU.Build.0 = Debug|Any CPU
		{5AA04AC3-9498-43B4-9AFF-71546CF27739}.Release|Any CPU.ActiveCfg = Release|Any CPU
		{5AA04AC3-9498-43B4-9AFF-71546CF27739}.Release|Any CPU.Build.0 = Release|Any CPU
	EndGlobalSection
	GlobalSection(SolutionProperties) = preSolution
		HideSolutionNode = FALSE
	EndGlobalSection
	GlobalSection(ExtensibilityGlobals) = postSolution
		SolutionGuid = {1EB7FBE4-8891-4047-8811-D3C3D8BAB998}
	EndGlobalSection
EndGlobal
